{
  "name": "@openfoal/desktop",
  "version": "0.1.0",
  "lockfileVersion": 3,
  "requires": true,
  "packages": {
    "": {
      "name": "@openfoal/desktop",
      "version": "0.1.0",
      "dependencies": {
        "@douyinfe/semi-icons": "^2.82.0",
        "@douyinfe/semi-ui": "^2.82.0",
        "i18next": "^25.8.6",
        "react": "^18.3.1",
        "react-dom": "^18.3.1",
        "react-i18next": "^16.5.4",
        "react-router-dom": "^7.13.0",
        "zustand": "^5.0.11"
      },
      "devDependencies": {
        "@types/react": "^18.3.12",
        "@types/react-dom": "^18.3.1",
        "@vitejs/plugin-react": "^4.3.4",
        "typescript": "^5.6.3",
        "vite": "^5.4.11"
      }
    },
    "../../node_modules/.pnpm/@douyinfe+semi-icons@2.91.0_react@18.3.1/node_modules/@douyinfe/semi-icons": {
      "version": "2.91.0",
      "license": "MIT",
      "dependencies": {
        "classnames": "^2.2.6"
      },
      "devDependencies": {
        "@babel/preset-env": "^7.15.8",
        "@babel/preset-react": "^7.14.5",
        "babel-loader": "^8.2.2",
        "css-loader": "4.3.0",
        "del": "^6.0.0",
        "gulp": "^4.0.2",
        "gulp-babel": "^8.0.0",
        "gulp-replace": "^1.1.3",
        "gulp-sass": "^5.0.0",
        "gulp-typescript": "^6.0.0-alpha.1",
        "merge2": "^1.4.1",
        "mini-css-extract-plugin": "^2.7.5",
        "rimraf": "^3.0.2",
        "terser-webpack-plugin": "^4.2.3",
        "through2": "^4.0.2",
        "ts-loader": "^5.4.5"
      },
      "peerDependencies": {
        "react": ">=16.0.0"
      }
    },
    "../../node_modules/.pnpm/@douyinfe+semi-ui@2.91.0_@floating-ui+dom@1.7.5_@tiptap+suggestion@3.19.0_@tiptap+core@_3d90f4009f5bbcaebb782b4e4d4daeb7/node_modules/@douyinfe/semi-ui": {
      "version": "2.91.0",
      "license": "MIT",
      "dependencies": {
        "@dnd-kit/core": "^6.0.8",
        "@dnd-kit/sortable": "^7.0.2",
        "@dnd-kit/utilities": "^3.2.1",
        "@douyinfe/semi-animation": "2.91.0",
        "@douyinfe/semi-animation-react": "2.91.0",
        "@douyinfe/semi-foundation": "2.91.0",
        "@douyinfe/semi-icons": "2.91.0",
        "@douyinfe/semi-illustrations": "2.91.0",
        "@douyinfe/semi-theme-default": "2.91.0",
        "@tiptap/core": "^3.10.7",
        "@tiptap/extension-document": "^3.10.7",
        "@tiptap/extension-hard-break": "^3.10.7",
        "@tiptap/extension-image": "^3.10.7",
        "@tiptap/extension-mention": "^3.10.7",
        "@tiptap/extension-paragraph": "^3.10.7",
        "@tiptap/extension-text": "^3.10.7",
        "@tiptap/extension-text-align": "^3.10.7",
        "@tiptap/extension-text-style": "^3.10.7",
        "@tiptap/extensions": "^3.10.7",
        "@tiptap/pm": "^3.10.7",
        "@tiptap/react": "^3.10.7",
        "@tiptap/starter-kit": "^3.10.7",
        "async-validator": "^3.5.0",
        "classnames": "^2.2.6",
        "copy-text-to-clipboard": "^2.1.1",
        "date-fns": "^2.29.3",
        "date-fns-tz": "^1.3.8",
        "fast-copy": "^3.0.1 ",
        "jsonc-parser": "^3.3.1",
        "lodash": "^4.17.21",
        "prop-types": "^15.7.2",
        "prosemirror-state": "^1.4.3",
        "react-resizable": "^3.0.5",
        "react-window": "^1.8.2",
        "scroll-into-view-if-needed": "^2.2.24",
        "utility-types": "^3.10.0"
      },
      "devDependencies": {
        "@babel/plugin-proposal-decorators": "^7.15.8",
        "@babel/plugin-transform-runtime": "^7.15.8",
        "@babel/preset-env": "^7.15.8",
        "@babel/preset-react": "^7.14.5",
        "@douyinfe/semi-scss-compile": "2.23.2",
        "@testing-library/react": "^12",
        "@types/lodash": "^4.14.176",
        "@types/react": ">=16.0.0",
        "@types/react-dom": ">=16.0.0",
        "@types/react-window": "^1.8.2",
        "babel-loader": "^8.2.2",
        "babel-plugin-lodash": "^3.3.4",
        "case-sensitive-paths-webpack-plugin": "^2.4.0",
        "del": "^6.0.0",
        "enzyme": "^3.11.0",
        "grapheme-splitter": "^1.0.4",
        "gulp": "^4.0.2",
        "gulp-babel": "^8.0.0",
        "gulp-replace": "^1.1.3",
        "gulp-sass": "^5.0.0",
        "gulp-typescript": "^6.0.0-alpha.1",
        "immutability-helper": "^3.1.1",
        "jest-date-mock": "^1.0.8",
        "jsdom": "^15.2.1",
        "merge2": "^1.4.1",
        "null-loader": "^3.0.0",
        "react-dnd": "^9.5.1",
        "react-infinite-scroller": "^1.2.4",
        "react-storybook-addon-props-combinations": "^1.1.0",
        "react-virtualized": "^9.22.3",
        "rimraf": "^3.0.2",
        "sass": "1.54.9",
        "sinon": "^6.3.5",
        "terser-webpack-plugin": "^4.2.3",
        "through2": "^4.0.2",
        "ts-loader": "^5.4.5",
        "webpack": "^5.77.0",
        "webpackbar": "^5.0.0-3"
      },
      "peerDependencies": {
        "react": ">=16.0.0",
        "react-dom": ">=16.0.0"
      }
    },
    "../../node_modules/.pnpm/@types+react-dom@18.3.7_@types+react@18.3.28/node_modules/@types/react-dom": {
      "version": "18.3.7",
      "dev": true,
      "license": "MIT",
      "peerDependencies": {
        "@types/react": "^18.0.0"
      }
    },
    "../../node_modules/.pnpm/@types+react@18.3.28/node_modules/@types/react": {
      "version": "18.3.28",
      "devOptional": true,
      "license": "MIT",
      "dependencies": {
        "@types/prop-types": "*",
        "csstype": "^3.2.2"
      }
    },
    "../../node_modules/.pnpm/@vitejs+plugin-react@4.7.0_vite@5.4.21/node_modules/@vitejs/plugin-react": {
      "version": "4.7.0",
      "dev": true,
      "license": "MIT",
      "dependencies": {
        "@babel/core": "^7.28.0",
        "@babel/plugin-transform-react-jsx-self": "^7.27.1",
        "@babel/plugin-transform-react-jsx-source": "^7.27.1",
        "@rolldown/pluginutils": "1.0.0-beta.27",
        "@types/babel__core": "^7.20.5",
        "react-refresh": "^0.17.0"
      },
      "devDependencies": {
        "@vitejs/react-common": "workspace:*",
        "babel-plugin-react-compiler": "19.1.0-rc.2",
        "react": "^19.1.0",
        "react-dom": "^19.1.0",
        "rolldown": "1.0.0-beta.27",
        "tsdown": "^0.12.9",
        "vitest": "^3.2.4"
      },
      "engines": {
        "node": "^14.18.0 || >=16.0.0"
      },
      "peerDependencies": {
        "vite": "^4.2.0 || ^5.0.0 || ^6.0.0 || ^7.0.0"
      }
    },
    "../../node_modules/.pnpm/react-dom@18.3.1_react@18.3.1/node_modules/react-dom": {
      "version": "18.3.1",
      "license": "MIT",
      "dependencies": {
        "loose-envify": "^1.1.0",
        "scheduler": "^0.23.2"
      },
      "peerDependencies": {
        "react": "^18.3.1"
      }
    },
    "../../node_modules/.pnpm/react@18.3.1/node_modules/react": {
      "version": "18.3.1",
      "license": "MIT",
      "dependencies": {
        "loose-envify": "^1.1.0"
      },
      "engines": {
        "node": ">=0.10.0"
      }
    },
    "../../node_modules/.pnpm/typescript@5.9.3/node_modules/typescript": {
      "version": "5.9.3",
      "devOptional": true,
      "license": "Apache-2.0",
      "bin": {
        "tsc": "bin/tsc",
        "tsserver": "bin/tsserver"
      },
      "devDependencies": {
        "@dprint/formatter": "^0.4.1",
        "@dprint/typescript": "0.93.4",
        "@esfx/canceltoken": "^1.0.0",
        "@eslint/js": "^9.20.0",
        "@octokit/rest": "^21.1.1",
        "@types/chai": "^4.3.20",
        "@types/diff": "^7.0.1",
        "@types/minimist": "^1.2.5",
        "@types/mocha": "^10.0.10",
        "@types/ms": "^0.7.34",
        "@types/node": "latest",
        "@types/source-map-support": "^0.5.10",
        "@types/which": "^3.0.4",
        "@typescript-eslint/rule-tester": "^8.24.1",
        "@typescript-eslint/type-utils": "^8.24.1",
        "@typescript-eslint/utils": "^8.24.1",
        "azure-devops-node-api": "^14.1.0",
        "c8": "^10.1.3",
        "chai": "^4.5.0",
        "chokidar": "^4.0.3",
        "diff": "^7.0.0",
        "dprint": "^0.49.0",
        "esbuild": "^0.25.0",
        "eslint": "^9.20.1",
        "eslint-formatter-autolinkable-stylish": "^1.4.0",
        "eslint-plugin-regexp": "^2.7.0",
        "fast-xml-parser": "^4.5.2",
        "glob": "^10.4.5",
        "globals": "^15.15.0",
        "hereby": "^1.10.0",
        "jsonc-parser": "^3.3.1",
        "knip": "^5.44.4",
        "minimist": "^1.2.8",
        "mocha": "^10.8.2",
        "mocha-fivemat-progress-reporter": "^0.1.0",
        "monocart-coverage-reports": "^2.12.1",
        "ms": "^2.1.3",
        "picocolors": "^1.1.1",
        "playwright": "^1.50.1",
        "source-map-support": "^0.5.21",
        "tslib": "^2.8.1",
        "typescript": "^5.7.3",
        "typescript-eslint": "^8.24.1",
        "which": "^3.0.1"
      },
      "engines": {
        "node": ">=14.17"
      }
    },
    "../../node_modules/.pnpm/vite@5.4.21/node_modules/vite": {
      "version": "5.4.21",
      "dev": true,
      "license": "MIT",
      "dependencies": {
        "esbuild": "^0.21.3",
        "postcss": "^8.4.43",
        "rollup": "^4.20.0"
      },
      "bin": {
        "vite": "bin/vite.js"
      },
      "devDependencies": {
        "@ampproject/remapping": "^2.3.0",
        "@babel/parser": "^7.25.6",
        "@jridgewell/trace-mapping": "^0.3.25",
        "@polka/compression": "^1.0.0-next.25",
        "@rollup/plugin-alias": "^5.1.0",
        "@rollup/plugin-commonjs": "^26.0.1",
        "@rollup/plugin-dynamic-import-vars": "^2.1.2",
        "@rollup/plugin-json": "^6.1.0",
        "@rollup/plugin-node-resolve": "15.2.3",
        "@rollup/pluginutils": "^5.1.0",
        "@types/escape-html": "^1.0.4",
        "@types/pnpapi": "^0.0.5",
        "artichokie": "^0.2.1",
        "cac": "^6.7.14",
        "chokidar": "^3.6.0",
        "connect": "^3.7.0",
        "convert-source-map": "^2.0.0",
        "cors": "^2.8.5",
        "cross-spawn": "^7.0.3",
        "debug": "^4.3.6",
        "dep-types": "link:./src/types",
        "dotenv": "^16.4.5",
        "dotenv-expand": "^11.0.6",
        "es-module-lexer": "^1.5.4",
        "escape-html": "^1.0.3",
        "estree-walker": "^3.0.3",
        "etag": "^1.8.1",
        "fast-glob": "^3.3.2",
        "http-proxy": "^1.18.1",
        "launch-editor-middleware": "^2.9.1",
        "lightningcss": "^1.26.0",
        "magic-string": "^0.30.11",
        "micromatch": "^4.0.8",
        "mlly": "^1.7.1",
        "mrmime": "^2.0.0",
        "open": "^8.4.2",
        "parse5": "^7.1.2",
        "pathe": "^1.1.2",
        "periscopic": "^4.0.2",
        "picocolors": "^1.0.1",
        "picomatch": "^2.3.1",
        "postcss-import": "^16.1.0",
        "postcss-load-config": "^4.0.2",
        "postcss-modules": "^6.0.0",
        "resolve.exports": "^2.0.2",
        "rollup-plugin-dts": "^6.1.1",
        "rollup-plugin-esbuild": "^6.1.1",
        "rollup-plugin-license": "^3.5.2",
        "sass": "^1.77.8",
        "sass-embedded": "^1.77.8",
        "sirv": "^2.0.4",
        "source-map-support": "^0.5.21",
        "strip-ansi": "^7.1.0",
        "strip-literal": "^2.1.0",
        "tsconfck": "^3.1.4",
        "tslib": "^2.7.0",
        "types": "link:./types",
        "ufo": "^1.5.4",
        "ws": "^8.18.0"
      },
      "engines": {
        "node": "^18.0.0 || >=20.0.0"
      },
      "funding": {
        "url": "https://github.com/vitejs/vite?sponsor=1"
      },
      "optionalDependencies": {
        "fsevents": "~2.3.3"
      },
      "peerDependencies": {
        "@types/node": "^18.0.0 || >=20.0.0",
        "less": "*",
        "lightningcss": "^1.21.0",
        "sass": "*",
        "sass-embedded": "*",
        "stylus": "*",
        "sugarss": "*",
        "terser": "^5.4.0"
      },
      "peerDependenciesMeta": {
        "@types/node": {
          "optional": true
        },
        "less": {
          "optional": true
        },
        "lightningcss": {
          "optional": true
        },
        "sass": {
          "optional": true
        },
        "sass-embedded": {
          "optional": true
        },
        "stylus": {
          "optional": true
        },
        "sugarss": {
          "optional": true
        },
        "terser": {
          "optional": true
        }
      }
    },
    "node_modules/@babel/runtime": {
      "version": "7.28.6",
      "resolved": "https://registry.npmjs.org/@babel/runtime/-/runtime-7.28.6.tgz",
      "integrity": "sha512-05WQkdpL9COIMz4LjTxGpPNCdlpyimKppYNoJ5Di5EUObifl8t4tuLuUBBZEpoLYOmfvIWrsp9fCl0HoPRVTdA==",
      "engines": {
        "node": ">=6.9.0"
      }
    },
    "node_modules/@douyinfe/semi-icons": {
      "resolved": "../../node_modules/.pnpm/@douyinfe+semi-icons@2.91.0_react@18.3.1/node_modules/@douyinfe/semi-icons",
      "link": true
    },
    "node_modules/@douyinfe/semi-ui": {
      "resolved": "../../node_modules/.pnpm/@douyinfe+semi-ui@2.91.0_@floating-ui+dom@1.7.5_@tiptap+suggestion@3.19.0_@tiptap+core@_3d90f4009f5bbcaebb782b4e4d4daeb7/node_modules/@douyinfe/semi-ui",
      "link": true
    },
    "node_modules/@types/react": {
      "resolved": "../../node_modules/.pnpm/@types+react@18.3.28/node_modules/@types/react",
      "link": true
    },
    "node_modules/@types/react-dom": {
      "resolved": "../../node_modules/.pnpm/@types+react-dom@18.3.7_@types+react@18.3.28/node_modules/@types/react-dom",
      "link": true
    },
    "node_modules/@vitejs/plugin-react": {
      "resolved": "../../node_modules/.pnpm/@vitejs+plugin-react@4.7.0_vite@5.4.21/node_modules/@vitejs/plugin-react",
      "link": true
    },
    "node_modules/cookie": {
      "version": "1.1.1",
      "resolved": "https://registry.npmjs.org/cookie/-/cookie-1.1.1.tgz",
      "integrity": "sha512-ei8Aos7ja0weRpFzJnEA9UHJ/7XQmqglbRwnf2ATjcB9Wq874VKH9kfjjirM6UhU2/E5fFYadylyhFldcqSidQ==",
      "license": "MIT",
      "engines": {
        "node": ">=18"
      },
      "funding": {
        "type": "opencollective",
        "url": "https://opencollective.com/express"
      }
    },
    "node_modules/html-parse-stringify": {
      "version": "3.0.1",
      "resolved": "https://registry.npmjs.org/html-parse-stringify/-/html-parse-stringify-3.0.1.tgz",
      "integrity": "sha512-KknJ50kTInJ7qIScF3jeaFRpMpE8/lfiTdzf/twXyPBLAGrLRTmkz3AdTnKeh40X8k9L2fdYwEp/42WGXIRGcg==",
      "dependencies": {
        "void-elements": "3.1.0"
      }
    },
    "node_modules/i18next": {
      "version": "25.8.6",
      "resolved": "https://registry.npmjs.org/i18next/-/i18next-25.8.6.tgz",
      "integrity": "sha512-HsS6p2yr/Vo5EPljWuBJ9OxKVFok2Q/Oa6PvFTpv2bMcDt2sQMOnKDQ7FTDDdME+3d1YULQjKj7aVSZP1bCouQ==",
      "funding": [
        {
          "type": "individual",
          "url": "https://locize.com"
        },
        {
          "type": "individual",
          "url": "https://locize.com/i18next.html"
        },
        {
          "type": "individual",
          "url": "https://www.i18next.com/how-to/faq#i18next-is-awesome.-how-can-i-support-the-project"
        }
      ],
      "dependencies": {
        "@babel/runtime": "^7.28.4"
      },
      "peerDependencies": {
        "typescript": "^5"
      },
      "peerDependenciesMeta": {
        "typescript": {
          "optional": true
        }
      }
    },
    "node_modules/react": {
      "resolved": "../../node_modules/.pnpm/react@18.3.1/node_modules/react",
      "link": true
    },
    "node_modules/react-dom": {
      "resolved": "../../node_modules/.pnpm/react-dom@18.3.1_react@18.3.1/node_modules/react-dom",
      "link": true
    },
    "node_modules/react-i18next": {
      "version": "16.5.4",
      "resolved": "https://registry.npmjs.org/react-i18next/-/react-i18next-16.5.4.tgz",
      "integrity": "sha512-6yj+dcfMncEC21QPhOTsW8mOSO+pzFmT6uvU7XXdvM/Cp38zJkmTeMeKmTrmCMD5ToT79FmiE/mRWiYWcJYW4g==",
      "dependencies": {
        "@babel/runtime": "^7.28.4",
        "html-parse-stringify": "^3.0.1",
        "use-sync-external-store": "^1.6.0"
      },
      "peerDependencies": {
        "i18next": ">= 25.6.2",
        "react": ">= 16.8.0",
        "typescript": "^5"
      },
      "peerDependenciesMeta": {
        "react-dom": {
          "optional": true
        },
        "react-native": {
          "optional": true
        },
        "typescript": {
          "optional": true
        }
      }
    },
    "node_modules/react-router": {
      "version": "7.13.0",
      "resolved": "https://registry.npmjs.org/react-router/-/react-router-7.13.0.tgz",
      "integrity": "sha512-PZgus8ETambRT17BUm/LL8lX3Of+oiLaPuVTRH3l1eLvSPpKO3AvhAEb5N7ihAFZQrYDqkvvWfFh9p0z9VsjLw==",
      "license": "MIT",
      "dependencies": {
        "cookie": "^1.0.1",
        "set-cookie-parser": "^2.6.0"
      },
      "engines": {
        "node": ">=20.0.0"
      },
      "peerDependencies": {
        "react": ">=18",
        "react-dom": ">=18"
      },
      "peerDependenciesMeta": {
        "react-dom": {
          "optional": true
        }
      }
    },
    "node_modules/react-router-dom": {
      "version": "7.13.0",
      "resolved": "https://registry.npmjs.org/react-router-dom/-/react-router-dom-7.13.0.tgz",
      "integrity": "sha512-5CO/l5Yahi2SKC6rGZ+HDEjpjkGaG/ncEP7eWFTvFxbHP8yeeI0PxTDjimtpXYlR3b3i9/WIL4VJttPrESIf2g==",
      "license": "MIT",
      "dependencies": {
        "react-router": "7.13.0"
      },
      "engines": {
        "node": ">=20.0.0"
      },
      "peerDependencies": {
        "react": ">=18",
        "react-dom": ">=18"
      }
    },
    "node_modules/set-cookie-parser": {
      "version": "2.7.2",
      "resolved": "https://registry.npmjs.org/set-cookie-parser/-/set-cookie-parser-2.7.2.tgz",
      "integrity": "sha512-oeM1lpU/UvhTxw+g3cIfxXHyJRc/uidd3yK1P242gzHds0udQBYzs3y8j4gCCW+ZJ7ad0yctld8RYO+bdurlvw==",
      "license": "MIT"
    },
    "node_modules/typescript": {
      "resolved": "../../node_modules/.pnpm/typescript@5.9.3/node_modules/typescript",
      "link": true
    },
    "node_modules/use-sync-external-store": {
      "version": "1.6.0",
      "resolved": "https://registry.npmjs.org/use-sync-external-store/-/use-sync-external-store-1.6.0.tgz",
      "integrity": "sha512-Pp6GSwGP/NrPIrxVFAIkOQeyw8lFenOHijQWkUTrDvrF4ALqylP2C/KCkeS9dpUM3KvYRQhna5vt7IL95+ZQ9w==",
      "peerDependencies": {
        "react": "^16.8.0 || ^17.0.0 || ^18.0.0 || ^19.0.0"
      }
    },
    "node_modules/vite": {
      "resolved": "../../node_modules/.pnpm/vite@5.4.21/node_modules/vite",
      "link": true
    },
    "node_modules/void-elements": {
      "version": "3.1.0",
      "resolved": "https://registry.npmjs.org/void-elements/-/void-elements-3.1.0.tgz",
      "integrity": "sha512-Dhxzh5HZuiHQhbvTW9AMetFfBHDMYpo23Uo9btPXgdYP+3T5S+p+jgNy7spra+veYhBP2dCSgxR/i2Y02h5/6w==",
      "engines": {
        "node": ">=0.10.0"
      }
    },
    "node_modules/zustand": {
      "version": "5.0.11",
      "resolved": "https://registry.npmjs.org/zustand/-/zustand-5.0.11.tgz",
      "integrity": "sha512-fdZY+dk7zn/vbWNCYmzZULHRrss0jx5pPFiOuMZ/5HJN6Yv3u+1Wswy/4MpZEkEGhtNH+pwxZB8OKgUBPzYAGg==",
      "license": "MIT",
      "engines": {
        "node": ">=12.20.0"
      },
      "peerDependencies": {
        "@types/react": ">=18.0.0",
        "immer": ">=9.0.6",
        "react": ">=18.0.0",
        "use-sync-external-store": ">=1.2.0"
      },
      "peerDependenciesMeta": {
        "@types/react": {
          "optional": true
        },
        "immer": {
          "optional": true
        },
        "react": {
          "optional": true
        },
        "use-sync-external-store": {
          "optional": true
        }
      }
    }
  }
}
